// !$*UTF8*$!
{
	archiveVersion = 1;
	classes = {
	};
	objectVersion = 46;
	objects = {

/* Begin PBXBuildFile section */
		121DC3611CF7B93B005932FD /* WeatherLeakCore.h in Headers */ = {isa = PBXBuildFile; fileRef = 121DC35F1CF7B93B005932FD /* WeatherLeakCore.h */; };
		121DC3641CF7B94A005932FD /* WeatherLeakCore.framework in Frameworks */ = {isa = PBXBuildFile; fileRef = 121DC3521CF7B90A005932FD /* WeatherLeakCore.framework */; };
		1225C5A81CF78FBB00280F76 /* WeatherLeakView.framework in Frameworks */ = {isa = PBXBuildFile; fileRef = 1225C59E1CF78FAA00280F76 /* WeatherLeakView.framework */; };
		1225C5B01CF7907E00280F76 /* AppDelegate.m in Sources */ = {isa = PBXBuildFile; fileRef = 1225C5AC1CF7907E00280F76 /* AppDelegate.m */; };
		1225C5B21CF7907E00280F76 /* main.m in Sources */ = {isa = PBXBuildFile; fileRef = 1225C5AF1CF7907E00280F76 /* main.m */; };
		1225C5C01CF7908600280F76 /* Assets.xcassets in Resources */ = {isa = PBXBuildFile; fileRef = 1225C5B61CF7908600280F76 /* Assets.xcassets */; };
		1225C5C41CF7908600280F76 /* WeatherLeakView.h in Headers */ = {isa = PBXBuildFile; fileRef = 1225C5BD1CF7908600280F76 /* WeatherLeakView.h */; settings = {ATTRIBUTES = (Public, ); }; };
		1225C5CA1CF7913000280F76 /* LaunchScreen.storyboard in Resources */ = {isa = PBXBuildFile; fileRef = 1225C5C61CF7913000280F76 /* LaunchScreen.storyboard */; };
		1225C5CB1CF7913000280F76 /* Main.storyboard in Resources */ = {isa = PBXBuildFile; fileRef = 1225C5C81CF7913000280F76 /* Main.storyboard */; };
		1225C5D21CF795AC00280F76 /* WLCitiesListVC.h in Headers */ = {isa = PBXBuildFile; fileRef = 1225C5D01CF795AC00280F76 /* WLCitiesListVC.h */; };
		1225C5D31CF795AC00280F76 /* WLCitiesListVC.m in Sources */ = {isa = PBXBuildFile; fileRef = 1225C5D11CF795AC00280F76 /* WLCitiesListVC.m */; };
		1225C5D71CF7960600280F76 /* WLViewControllerFactory.h in Headers */ = {isa = PBXBuildFile; fileRef = 1225C5D51CF7960600280F76 /* WLViewControllerFactory.h */; settings = {ATTRIBUTES = (Public, ); }; };
		1225C5D81CF7960600280F76 /* WLViewControllerFactory.m in Sources */ = {isa = PBXBuildFile; fileRef = 1225C5D61CF7960600280F76 /* WLViewControllerFactory.m */; };
		1225C5D91CF7962D00280F76 /* WLCitiesListIO.h in Headers */ = {isa = PBXBuildFile; fileRef = 1225C5D41CF795C200280F76 /* WLCitiesListIO.h */; settings = {ATTRIBUTES = (Public, ); }; };
		1225C5DE1CF7A0A100280F76 /* WLWeatherVC.h in Headers */ = {isa = PBXBuildFile; fileRef = 1225C5DC1CF7A0A100280F76 /* WLWeatherVC.h */; };
		1225C5DF1CF7A0A100280F76 /* WLWeatherVC.m in Sources */ = {isa = PBXBuildFile; fileRef = 1225C5DD1CF7A0A100280F76 /* WLWeatherVC.m */; };
		1225C5E11CF7AC6200280F76 /* WLWeatherIO.h in Headers */ = {isa = PBXBuildFile; fileRef = 1225C5E01CF7A0D300280F76 /* WLWeatherIO.h */; settings = {ATTRIBUTES = (Public, ); }; };
		1225C5EA1CF7B06100280F76 /* WLWireframe.m in Sources */ = {isa = PBXBuildFile; fileRef = 1225C5E91CF7B06100280F76 /* WLWireframe.m */; };
		1225C5EE1CF7B10500280F76 /* WLPresenter.m in Sources */ = {isa = PBXBuildFile; fileRef = 1225C5ED1CF7B10500280F76 /* WLPresenter.m */; };
		1225C5F21CF7B19F00280F76 /* WLInteractor.m in Sources */ = {isa = PBXBuildFile; fileRef = 1225C5F11CF7B19F00280F76 /* WLInteractor.m */; };
		1225C5F61CF7B30000280F76 /* WLWeatherWireframe.m in Sources */ = {isa = PBXBuildFile; fileRef = 1225C5F51CF7B30000280F76 /* WLWeatherWireframe.m */; };
		1225C5F91CF7B30B00280F76 /* WLWeatherInteractor.m in Sources */ = {isa = PBXBuildFile; fileRef = 1225C5F81CF7B30B00280F76 /* WLWeatherInteractor.m */; };
		1225C5FC1CF7B31800280F76 /* WLWeatherPresenter.m in Sources */ = {isa = PBXBuildFile; fileRef = 1225C5FB1CF7B31800280F76 /* WLWeatherPresenter.m */; };
		1225C5FF1CF7B32500280F76 /* WLModuleFactory.m in Sources */ = {isa = PBXBuildFile; fileRef = 1225C5FE1CF7B32500280F76 /* WLModuleFactory.m */; };
		96487FBB92C070C64F95DC15 /* libPods-WeatherLeakView.a in Frameworks */ = {isa = PBXBuildFile; fileRef = D92A0C0E61A9375ACA622266 /* libPods-WeatherLeakView.a */; };
/* End PBXBuildFile section */

/* Begin PBXContainerItemProxy section */
		121DC3621CF7B946005932FD /* PBXContainerItemProxy */ = {
			isa = PBXContainerItemProxy;
			containerPortal = 1225C5771CF78ED100280F76 /* Project object */;
			proxyType = 1;
			remoteGlobalIDString = 121DC3511CF7B90A005932FD;
			remoteInfo = WeatherLeakCore;
		};
		1225C5A61CF78FB300280F76 /* PBXContainerItemProxy */ = {
			isa = PBXContainerItemProxy;
			containerPortal = 1225C5771CF78ED100280F76 /* Project object */;
			proxyType = 1;
			remoteGlobalIDString = 1225C59D1CF78FAA00280F76;
			remoteInfo = WeatherLeakView;
		};
/* End PBXContainerItemProxy section */

/* Begin PBXFileReference section */
		11FFE0C2B4F738C1D49BE816 /* Pods-WeatherLeakView.release.xcconfig */ = {isa = PBXFileReference; includeInIndex = 1; lastKnownFileType = text.xcconfig; name = "Pods-WeatherLeakView.release.xcconfig"; path = "Pods/Target Support Files/Pods-WeatherLeakView/Pods-WeatherLeakView.release.xcconfig"; sourceTree = "<group>"; };
		121DC3521CF7B90A005932FD /* WeatherLeakCore.framework */ = {isa = PBXFileReference; explicitFileType = wrapper.framework; includeInIndex = 0; path = WeatherLeakCore.framework; sourceTree = BUILT_PRODUCTS_DIR; };
		121DC35E1CF7B93B005932FD /* Info.plist */ = {isa = PBXFileReference; fileEncoding = 4; lastKnownFileType = text.plist.xml; path = Info.plist; sourceTree = "<group>"; };
		121DC35F1CF7B93B005932FD /* WeatherLeakCore.h */ = {isa = PBXFileReference; fileEncoding = 4; lastKnownFileType = sourcecode.c.h; path = WeatherLeakCore.h; sourceTree = "<group>"; };
		1225C57F1CF78ED100280F76 /* WeatherLeak.app */ = {isa = PBXFileReference; explicitFileType = wrapper.application; includeInIndex = 0; path = WeatherLeak.app; sourceTree = BUILT_PRODUCTS_DIR; };
		1225C59E1CF78FAA00280F76 /* WeatherLeakView.framework */ = {isa = PBXFileReference; explicitFileType = wrapper.framework; includeInIndex = 0; path = WeatherLeakView.framework; sourceTree = BUILT_PRODUCTS_DIR; };
		1225C5AB1CF7907E00280F76 /* AppDelegate.h */ = {isa = PBXFileReference; fileEncoding = 4; lastKnownFileType = sourcecode.c.h; path = AppDelegate.h; sourceTree = "<group>"; };
		1225C5AC1CF7907E00280F76 /* AppDelegate.m */ = {isa = PBXFileReference; fileEncoding = 4; lastKnownFileType = sourcecode.c.objc; path = AppDelegate.m; sourceTree = "<group>"; };
		1225C5AE1CF7907E00280F76 /* Info.plist */ = {isa = PBXFileReference; fileEncoding = 4; lastKnownFileType = text.plist.xml; path = Info.plist; sourceTree = "<group>"; };
		1225C5AF1CF7907E00280F76 /* main.m */ = {isa = PBXFileReference; fileEncoding = 4; lastKnownFileType = sourcecode.c.objc; path = main.m; sourceTree = "<group>"; };
		1225C5B61CF7908600280F76 /* Assets.xcassets */ = {isa = PBXFileReference; lastKnownFileType = folder.assetcatalog; path = Assets.xcassets; sourceTree = "<group>"; };
		1225C5BC1CF7908600280F76 /* Info.plist */ = {isa = PBXFileReference; fileEncoding = 4; lastKnownFileType = text.plist.xml; path = Info.plist; sourceTree = "<group>"; };
		1225C5BD1CF7908600280F76 /* WeatherLeakView.h */ = {isa = PBXFileReference; fileEncoding = 4; lastKnownFileType = sourcecode.c.h; path = WeatherLeakView.h; sourceTree = "<group>"; };
		1225C5C71CF7913000280F76 /* Base */ = {isa = PBXFileReference; lastKnownFileType = file.storyboard; name = Base; path = Base.lproj/LaunchScreen.storyboard; sourceTree = "<group>"; };
		1225C5C91CF7913000280F76 /* Base */ = {isa = PBXFileReference; lastKnownFileType = file.storyboard; name = Base; path = Base.lproj/Main.storyboard; sourceTree = "<group>"; };
		1225C5D01CF795AC00280F76 /* WLCitiesListVC.h */ = {isa = PBXFileReference; fileEncoding = 4; lastKnownFileType = sourcecode.c.h; path = WLCitiesListVC.h; sourceTree = "<group>"; };
		1225C5D11CF795AC00280F76 /* WLCitiesListVC.m */ = {isa = PBXFileReference; fileEncoding = 4; lastKnownFileType = sourcecode.c.objc; path = WLCitiesListVC.m; sourceTree = "<group>"; };
		1225C5D41CF795C200280F76 /* WLCitiesListIO.h */ = {isa = PBXFileReference; lastKnownFileType = sourcecode.c.h; path = WLCitiesListIO.h; sourceTree = "<group>"; };
		1225C5D51CF7960600280F76 /* WLViewControllerFactory.h */ = {isa = PBXFileReference; fileEncoding = 4; lastKnownFileType = sourcecode.c.h; path = WLViewControllerFactory.h; sourceTree = "<group>"; };
		1225C5D61CF7960600280F76 /* WLViewControllerFactory.m */ = {isa = PBXFileReference; fileEncoding = 4; lastKnownFileType = sourcecode.c.objc; path = WLViewControllerFactory.m; sourceTree = "<group>"; };
		1225C5DC1CF7A0A100280F76 /* WLWeatherVC.h */ = {isa = PBXFileReference; fileEncoding = 4; lastKnownFileType = sourcecode.c.h; path = WLWeatherVC.h; sourceTree = "<group>"; };
		1225C5DD1CF7A0A100280F76 /* WLWeatherVC.m */ = {isa = PBXFileReference; fileEncoding = 4; lastKnownFileType = sourcecode.c.objc; path = WLWeatherVC.m; sourceTree = "<group>"; };
		1225C5E01CF7A0D300280F76 /* WLWeatherIO.h */ = {isa = PBXFileReference; lastKnownFileType = sourcecode.c.h; path = WLWeatherIO.h; sourceTree = "<group>"; };
		1225C5E81CF7B06100280F76 /* WLWireframe.h */ = {isa = PBXFileReference; fileEncoding = 4; lastKnownFileType = sourcecode.c.h; path = WLWireframe.h; sourceTree = "<group>"; };
		1225C5E91CF7B06100280F76 /* WLWireframe.m */ = {isa = PBXFileReference; fileEncoding = 4; lastKnownFileType = sourcecode.c.objc; path = WLWireframe.m; sourceTree = "<group>"; };
		1225C5EB1CF7B0B600280F76 /* WLWireframeProtected.h */ = {isa = PBXFileReference; lastKnownFileType = sourcecode.c.h; path = WLWireframeProtected.h; sourceTree = "<group>"; };
		1225C5EC1CF7B10500280F76 /* WLPresenter.h */ = {isa = PBXFileReference; fileEncoding = 4; lastKnownFileType = sourcecode.c.h; path = WLPresenter.h; sourceTree = "<group>"; };
		1225C5ED1CF7B10500280F76 /* WLPresenter.m */ = {isa = PBXFileReference; fileEncoding = 4; lastKnownFileType = sourcecode.c.objc; path = WLPresenter.m; sourceTree = "<group>"; };
		1225C5EF1CF7B18000280F76 /* WLPresenterProtected.h */ = {isa = PBXFileReference; lastKnownFileType = sourcecode.c.h; path = WLPresenterProtected.h; sourceTree = "<group>"; };
		1225C5F01CF7B19F00280F76 /* WLInteractor.h */ = {isa = PBXFileReference; fileEncoding = 4; lastKnownFileType = sourcecode.c.h; path = WLInteractor.h; sourceTree = "<group>"; };
		1225C5F11CF7B19F00280F76 /* WLInteractor.m */ = {isa = PBXFileReference; fileEncoding = 4; lastKnownFileType = sourcecode.c.objc; path = WLInteractor.m; sourceTree = "<group>"; };
		1225C5F31CF7B1AE00280F76 /* WLInteractorProtected.h */ = {isa = PBXFileReference; lastKnownFileType = sourcecode.c.h; path = WLInteractorProtected.h; sourceTree = "<group>"; };
		1225C5F41CF7B30000280F76 /* WLWeatherWireframe.h */ = {isa = PBXFileReference; fileEncoding = 4; lastKnownFileType = sourcecode.c.h; path = WLWeatherWireframe.h; sourceTree = "<group>"; };
		1225C5F51CF7B30000280F76 /* WLWeatherWireframe.m */ = {isa = PBXFileReference; fileEncoding = 4; lastKnownFileType = sourcecode.c.objc; path = WLWeatherWireframe.m; sourceTree = "<group>"; };
		1225C5F71CF7B30B00280F76 /* WLWeatherInteractor.h */ = {isa = PBXFileReference; fileEncoding = 4; lastKnownFileType = sourcecode.c.h; path = WLWeatherInteractor.h; sourceTree = "<group>"; };
		1225C5F81CF7B30B00280F76 /* WLWeatherInteractor.m */ = {isa = PBXFileReference; fileEncoding = 4; lastKnownFileType = sourcecode.c.objc; path = WLWeatherInteractor.m; sourceTree = "<group>"; };
		1225C5FA1CF7B31800280F76 /* WLWeatherPresenter.h */ = {isa = PBXFileReference; fileEncoding = 4; lastKnownFileType = sourcecode.c.h; path = WLWeatherPresenter.h; sourceTree = "<group>"; };
		1225C5FB1CF7B31800280F76 /* WLWeatherPresenter.m */ = {isa = PBXFileReference; fileEncoding = 4; lastKnownFileType = sourcecode.c.objc; path = WLWeatherPresenter.m; sourceTree = "<group>"; };
		1225C5FD1CF7B32500280F76 /* WLModuleFactory.h */ = {isa = PBXFileReference; fileEncoding = 4; lastKnownFileType = sourcecode.c.h; path = WLModuleFactory.h; sourceTree = "<group>"; };
		1225C5FE1CF7B32500280F76 /* WLModuleFactory.m */ = {isa = PBXFileReference; fileEncoding = 4; lastKnownFileType = sourcecode.c.objc; path = WLModuleFactory.m; sourceTree = "<group>"; };
		30E3D29F5F4D9ECBAD1DF60D /* Pods-WeatherLeakView.debug.xcconfig */ = {isa = PBXFileReference; includeInIndex = 1; lastKnownFileType = text.xcconfig; name = "Pods-WeatherLeakView.debug.xcconfig"; path = "Pods/Target Support Files/Pods-WeatherLeakView/Pods-WeatherLeakView.debug.xcconfig"; sourceTree = "<group>"; };
		D92A0C0E61A9375ACA622266 /* libPods-WeatherLeakView.a */ = {isa = PBXFileReference; explicitFileType = archive.ar; includeInIndex = 0; path = "libPods-WeatherLeakView.a"; sourceTree = BUILT_PRODUCTS_DIR; };
/* End PBXFileReference section */

/* Begin PBXFrameworksBuildPhase section */
		121DC34E1CF7B90A005932FD /* Frameworks */ = {
			isa = PBXFrameworksBuildPhase;
			buildActionMask = 2147483647;
			files = (
			);
			runOnlyForDeploymentPostprocessing = 0;
		};
		1225C57C1CF78ED100280F76 /* Frameworks */ = {
			isa = PBXFrameworksBuildPhase;
			buildActionMask = 2147483647;
			files = (
				121DC3641CF7B94A005932FD /* WeatherLeakCore.framework in Frameworks */,
				1225C5A81CF78FBB00280F76 /* WeatherLeakView.framework in Frameworks */,
			);
			runOnlyForDeploymentPostprocessing = 0;
		};
		1225C59A1CF78FAA00280F76 /* Frameworks */ = {
			isa = PBXFrameworksBuildPhase;
			buildActionMask = 2147483647;
			files = (
				96487FBB92C070C64F95DC15 /* libPods-WeatherLeakView.a in Frameworks */,
			);
			runOnlyForDeploymentPostprocessing = 0;
		};
/* End PBXFrameworksBuildPhase section */

/* Begin PBXGroup section */
		121DC3531CF7B90A005932FD /* WeatherLeakCore */ = {
			isa = PBXGroup;
			children = (
				121DC35A1CF7B93B005932FD /* Database */,
				121DC35B1CF7B93B005932FD /* Models */,
				121DC35C1CF7B93B005932FD /* Networking */,
				121DC35D1CF7B93B005932FD /* Supporting Files */,
			);
			path = WeatherLeakCore;
			sourceTree = "<group>";
		};
		121DC35A1CF7B93B005932FD /* Database */ = {
			isa = PBXGroup;
			children = (
			);
			path = Database;
			sourceTree = "<group>";
		};
		121DC35B1CF7B93B005932FD /* Models */ = {
			isa = PBXGroup;
			children = (
			);
			path = Models;
			sourceTree = "<group>";
		};
		121DC35C1CF7B93B005932FD /* Networking */ = {
			isa = PBXGroup;
			children = (
			);
			path = Networking;
			sourceTree = "<group>";
		};
		121DC35D1CF7B93B005932FD /* Supporting Files */ = {
			isa = PBXGroup;
			children = (
				121DC35E1CF7B93B005932FD /* Info.plist */,
				121DC35F1CF7B93B005932FD /* WeatherLeakCore.h */,
			);
			path = "Supporting Files";
			sourceTree = "<group>";
		};
		1225C5761CF78ED100280F76 = {
			isa = PBXGroup;
			children = (
				1225C5811CF78ED100280F76 /* WeatherLeak */,
				1225C59F1CF78FAA00280F76 /* WeatherLeakView */,
				121DC3531CF7B90A005932FD /* WeatherLeakCore */,
				1225C5801CF78ED100280F76 /* Products */,
				569C99C8DD5ACC95B6677275 /* Pods */,
				734CFEE3C6C683F8C8544A5F /* Frameworks */,
			);
			sourceTree = "<group>";
		};
		1225C5801CF78ED100280F76 /* Products */ = {
			isa = PBXGroup;
			children = (
				1225C57F1CF78ED100280F76 /* WeatherLeak.app */,
				1225C59E1CF78FAA00280F76 /* WeatherLeakView.framework */,
				121DC3521CF7B90A005932FD /* WeatherLeakCore.framework */,
			);
			name = Products;
			sourceTree = "<group>";
		};
		1225C5811CF78ED100280F76 /* WeatherLeak */ = {
			isa = PBXGroup;
			children = (
				1225C5A91CF7907E00280F76 /* Classes */,
				1225C5AD1CF7907E00280F76 /* Supporting Files */,
			);
			path = WeatherLeak;
			sourceTree = "<group>";
		};
		1225C59F1CF78FAA00280F76 /* WeatherLeakView */ = {
			isa = PBXGroup;
			children = (
				1225C5B31CF7908600280F76 /* Cells */,
				1225C5B41CF7908600280F76 /* Factory */,
				1225C5B51CF7908600280F76 /* Resources */,
				1225C5BB1CF7908600280F76 /* Supporting Files */,
				1225C5BE1CF7908600280F76 /* ViewController */,
				1225C5BF1CF7908600280F76 /* Views */,
			);
			path = WeatherLeakView;
			sourceTree = "<group>";
		};
		1225C5A91CF7907E00280F76 /* Classes */ = {
			isa = PBXGroup;
			children = (
				1225C5E71CF7AFD400280F76 /* Base */,
				1225C5E21CF7AFA000280F76 /* Module */,
				1225C5AA1CF7907E00280F76 /* AppDelegate */,
			);
			path = Classes;
			sourceTree = "<group>";
		};
		1225C5AA1CF7907E00280F76 /* AppDelegate */ = {
			isa = PBXGroup;
			children = (
				1225C5AB1CF7907E00280F76 /* AppDelegate.h */,
				1225C5AC1CF7907E00280F76 /* AppDelegate.m */,
			);
			path = AppDelegate;
			sourceTree = "<group>";
		};
		1225C5AD1CF7907E00280F76 /* Supporting Files */ = {
			isa = PBXGroup;
			children = (
				1225C5AE1CF7907E00280F76 /* Info.plist */,
				1225C5AF1CF7907E00280F76 /* main.m */,
			);
			path = "Supporting Files";
			sourceTree = "<group>";
		};
		1225C5B31CF7908600280F76 /* Cells */ = {
			isa = PBXGroup;
			children = (
			);
			path = Cells;
			sourceTree = "<group>";
		};
		1225C5B41CF7908600280F76 /* Factory */ = {
			isa = PBXGroup;
			children = (
				1225C5D51CF7960600280F76 /* WLViewControllerFactory.h */,
				1225C5D61CF7960600280F76 /* WLViewControllerFactory.m */,
			);
			path = Factory;
			sourceTree = "<group>";
		};
		1225C5B51CF7908600280F76 /* Resources */ = {
			isa = PBXGroup;
			children = (
				1225C5C51CF7913000280F76 /* Interface */,
				1225C5B61CF7908600280F76 /* Assets.xcassets */,
			);
			path = Resources;
			sourceTree = "<group>";
		};
		1225C5BB1CF7908600280F76 /* Supporting Files */ = {
			isa = PBXGroup;
			children = (
				1225C5BC1CF7908600280F76 /* Info.plist */,
				1225C5BD1CF7908600280F76 /* WeatherLeakView.h */,
			);
			path = "Supporting Files";
			sourceTree = "<group>";
		};
		1225C5BE1CF7908600280F76 /* ViewController */ = {
			isa = PBXGroup;
			children = (
				1225C5D01CF795AC00280F76 /* WLCitiesListVC.h */,
				1225C5D11CF795AC00280F76 /* WLCitiesListVC.m */,
				1225C5D41CF795C200280F76 /* WLCitiesListIO.h */,
				1225C5DC1CF7A0A100280F76 /* WLWeatherVC.h */,
				1225C5DD1CF7A0A100280F76 /* WLWeatherVC.m */,
				1225C5E01CF7A0D300280F76 /* WLWeatherIO.h */,
			);
			path = ViewController;
			sourceTree = "<group>";
		};
		1225C5BF1CF7908600280F76 /* Views */ = {
			isa = PBXGroup;
			children = (
			);
			path = Views;
			sourceTree = "<group>";
		};
		1225C5C51CF7913000280F76 /* Interface */ = {
			isa = PBXGroup;
			children = (
				1225C5C61CF7913000280F76 /* LaunchScreen.storyboard */,
				1225C5C81CF7913000280F76 /* Main.storyboard */,
			);
			path = Interface;
			sourceTree = "<group>";
		};
		1225C5E21CF7AFA000280F76 /* Module */ = {
			isa = PBXGroup;
			children = (
				1225C5E31CF7AFA000280F76 /* Weather */,
				1225C5FD1CF7B32500280F76 /* WLModuleFactory.h */,
				1225C5FE1CF7B32500280F76 /* WLModuleFactory.m */,
			);
			path = Module;
			sourceTree = "<group>";
		};
		1225C5E31CF7AFA000280F76 /* Weather */ = {
			isa = PBXGroup;
			children = (
				1225C5E61CF7AFB100280F76 /* Wireframe */,
				1225C5E41CF7AFA000280F76 /* Interactor */,
				1225C5E51CF7AFA000280F76 /* Presenter */,
			);
			path = Weather;
			sourceTree = "<group>";
		};
		1225C5E41CF7AFA000280F76 /* Interactor */ = {
			isa = PBXGroup;
			children = (
				1225C5F71CF7B30B00280F76 /* WLWeatherInteractor.h */,
				1225C5F81CF7B30B00280F76 /* WLWeatherInteractor.m */,
			);
			path = Interactor;
			sourceTree = "<group>";
		};
		1225C5E51CF7AFA000280F76 /* Presenter */ = {
			isa = PBXGroup;
			children = (
				1225C5FA1CF7B31800280F76 /* WLWeatherPresenter.h */,
				1225C5FB1CF7B31800280F76 /* WLWeatherPresenter.m */,
			);
			path = Presenter;
			sourceTree = "<group>";
		};
		1225C5E61CF7AFB100280F76 /* Wireframe */ = {
			isa = PBXGroup;
			children = (
				1225C5F41CF7B30000280F76 /* WLWeatherWireframe.h */,
				1225C5F51CF7B30000280F76 /* WLWeatherWireframe.m */,
			);
			path = Wireframe;
			sourceTree = "<group>";
		};
		1225C5E71CF7AFD400280F76 /* Base */ = {
			isa = PBXGroup;
			children = (
				1225C5E81CF7B06100280F76 /* WLWireframe.h */,
				1225C5E91CF7B06100280F76 /* WLWireframe.m */,
				1225C5EB1CF7B0B600280F76 /* WLWireframeProtected.h */,
				1225C5EC1CF7B10500280F76 /* WLPresenter.h */,
				1225C5ED1CF7B10500280F76 /* WLPresenter.m */,
				1225C5EF1CF7B18000280F76 /* WLPresenterProtected.h */,
				1225C5F01CF7B19F00280F76 /* WLInteractor.h */,
				1225C5F11CF7B19F00280F76 /* WLInteractor.m */,
				1225C5F31CF7B1AE00280F76 /* WLInteractorProtected.h */,
			);
			path = Base;
			sourceTree = "<group>";
		};
		569C99C8DD5ACC95B6677275 /* Pods */ = {
			isa = PBXGroup;
			children = (
				30E3D29F5F4D9ECBAD1DF60D /* Pods-WeatherLeakView.debug.xcconfig */,
				11FFE0C2B4F738C1D49BE816 /* Pods-WeatherLeakView.release.xcconfig */,
			);
			name = Pods;
			sourceTree = "<group>";
		};
		734CFEE3C6C683F8C8544A5F /* Frameworks */ = {
			isa = PBXGroup;
			children = (
				D92A0C0E61A9375ACA622266 /* libPods-WeatherLeakView.a */,
			);
			name = Frameworks;
			sourceTree = "<group>";
		};
/* End PBXGroup section */

/* Begin PBXHeadersBuildPhase section */
		121DC34F1CF7B90A005932FD /* Headers */ = {
			isa = PBXHeadersBuildPhase;
			buildActionMask = 2147483647;
			files = (
				121DC3611CF7B93B005932FD /* WeatherLeakCore.h in Headers */,
			);
			runOnlyForDeploymentPostprocessing = 0;
		};
		1225C59B1CF78FAA00280F76 /* Headers */ = {
			isa = PBXHeadersBuildPhase;
			buildActionMask = 2147483647;
			files = (
				1225C5D71CF7960600280F76 /* WLViewControllerFactory.h in Headers */,
				1225C5C41CF7908600280F76 /* WeatherLeakView.h in Headers */,
				1225C5D91CF7962D00280F76 /* WLCitiesListIO.h in Headers */,
				1225C5DE1CF7A0A100280F76 /* WLWeatherVC.h in Headers */,
				1225C5E11CF7AC6200280F76 /* WLWeatherIO.h in Headers */,
				1225C5D21CF795AC00280F76 /* WLCitiesListVC.h in Headers */,
			);
			runOnlyForDeploymentPostprocessing = 0;
		};
/* End PBXHeadersBuildPhase section */

/* Begin PBXNativeTarget section */
		121DC3511CF7B90A005932FD /* WeatherLeakCore */ = {
			isa = PBXNativeTarget;
			buildConfigurationList = 121DC3591CF7B90A005932FD /* Build configuration list for PBXNativeTarget "WeatherLeakCore" */;
			buildPhases = (
				121DC34D1CF7B90A005932FD /* Sources */,
				121DC34E1CF7B90A005932FD /* Frameworks */,
				121DC34F1CF7B90A005932FD /* Headers */,
				121DC3501CF7B90A005932FD /* Resources */,
			);
			buildRules = (
			);
			dependencies = (
			);
			name = WeatherLeakCore;
			productName = WeatherLeakCore;
			productReference = 121DC3521CF7B90A005932FD /* WeatherLeakCore.framework */;
			productType = "com.apple.product-type.framework";
		};
		1225C57E1CF78ED100280F76 /* WeatherLeak */ = {
			isa = PBXNativeTarget;
			buildConfigurationList = 1225C5961CF78ED100280F76 /* Build configuration list for PBXNativeTarget "WeatherLeak" */;
			buildPhases = (
				1225C57B1CF78ED100280F76 /* Sources */,
				1225C57C1CF78ED100280F76 /* Frameworks */,
				1225C57D1CF78ED100280F76 /* Resources */,
			);
			buildRules = (
			);
			dependencies = (
				121DC3631CF7B946005932FD /* PBXTargetDependency */,
				1225C5A71CF78FB300280F76 /* PBXTargetDependency */,
			);
			name = WeatherLeak;
			productName = WeatherLeak;
			productReference = 1225C57F1CF78ED100280F76 /* WeatherLeak.app */;
			productType = "com.apple.product-type.application";
		};
		1225C59D1CF78FAA00280F76 /* WeatherLeakView */ = {
			isa = PBXNativeTarget;
			buildConfigurationList = 1225C5A51CF78FAA00280F76 /* Build configuration list for PBXNativeTarget "WeatherLeakView" */;
			buildPhases = (
				2FEC99189322FA686776360D /* Check Pods Manifest.lock */,
				1225C5991CF78FAA00280F76 /* Sources */,
				1225C59A1CF78FAA00280F76 /* Frameworks */,
				1225C59B1CF78FAA00280F76 /* Headers */,
				1225C59C1CF78FAA00280F76 /* Resources */,
				68C134A911989E4CD103FDB9 /* Copy Pods Resources */,
			);
			buildRules = (
			);
			dependencies = (
			);
			name = WeatherLeakView;
			productName = WeatherLeakView;
			productReference = 1225C59E1CF78FAA00280F76 /* WeatherLeakView.framework */;
			productType = "com.apple.product-type.framework";
		};
/* End PBXNativeTarget section */

/* Begin PBXProject section */
		1225C5771CF78ED100280F76 /* Project object */ = {
			isa = PBXProject;
			attributes = {
				CLASSPREFIX = WL;
				LastUpgradeCheck = 0730;
				ORGANIZATIONNAME = "Fantastik Solution";
				TargetAttributes = {
					121DC3511CF7B90A005932FD = {
						CreatedOnToolsVersion = 7.3;
					};
					1225C57E1CF78ED100280F76 = {
						CreatedOnToolsVersion = 7.3;
					};
					1225C59D1CF78FAA00280F76 = {
						CreatedOnToolsVersion = 7.3;
					};
				};
			};
			buildConfigurationList = 1225C57A1CF78ED100280F76 /* Build configuration list for PBXProject "WeatherLeak" */;
			compatibilityVersion = "Xcode 3.2";
			developmentRegion = English;
			hasScannedForEncodings = 0;
			knownRegions = (
				en,
				Base,
			);
			mainGroup = 1225C5761CF78ED100280F76;
			productRefGroup = 1225C5801CF78ED100280F76 /* Products */;
			projectDirPath = "";
			projectRoot = "";
			targets = (
				1225C57E1CF78ED100280F76 /* WeatherLeak */,
				1225C59D1CF78FAA00280F76 /* WeatherLeakView */,
				121DC3511CF7B90A005932FD /* WeatherLeakCore */,
			);
		};
/* End PBXProject section */

/* Begin PBXResourcesBuildPhase section */
		121DC3501CF7B90A005932FD /* Resources */ = {
			isa = PBXResourcesBuildPhase;
			buildActionMask = 2147483647;
			files = (
			);
			runOnlyForDeploymentPostprocessing = 0;
		};
		1225C57D1CF78ED100280F76 /* Resources */ = {
			isa = PBXResourcesBuildPhase;
			buildActionMask = 2147483647;
			files = (
			);
			runOnlyForDeploymentPostprocessing = 0;
		};
		1225C59C1CF78FAA00280F76 /* Resources */ = {
			isa = PBXResourcesBuildPhase;
			buildActionMask = 2147483647;
			files = (
				1225C5CA1CF7913000280F76 /* LaunchScreen.storyboard in Resources */,
				1225C5C01CF7908600280F76 /* Assets.xcassets in Resources */,
				1225C5CB1CF7913000280F76 /* Main.storyboard in Resources */,
			);
			runOnlyForDeploymentPostprocessing = 0;
		};
/* End PBXResourcesBuildPhase section */

/* Begin PBXShellScriptBuildPhase section */
		2FEC99189322FA686776360D /* Check Pods Manifest.lock */ = {
			isa = PBXShellScriptBuildPhase;
			buildActionMask = 2147483647;
			files = (
			);
			inputPaths = (
			);
			name = "Check Pods Manifest.lock";
			outputPaths = (
			);
			runOnlyForDeploymentPostprocessing = 0;
			shellPath = /bin/sh;
			shellScript = "diff \"${PODS_ROOT}/../Podfile.lock\" \"${PODS_ROOT}/Manifest.lock\" > /dev/null\nif [[ $? != 0 ]] ; then\n    cat << EOM\nerror: The sandbox is not in sync with the Podfile.lock. Run 'pod install' or update your CocoaPods installation.\nEOM\n    exit 1\nfi\n";
			showEnvVarsInLog = 0;
		};
		68C134A911989E4CD103FDB9 /* Copy Pods Resources */ = {
			isa = PBXShellScriptBuildPhase;
			buildActionMask = 2147483647;
			files = (
			);
			inputPaths = (
			);
			name = "Copy Pods Resources";
			outputPaths = (
			);
			runOnlyForDeploymentPostprocessing = 0;
			shellPath = /bin/sh;
			shellScript = "\"${SRCROOT}/Pods/Target Support Files/Pods-WeatherLeakView/Pods-WeatherLeakView-resources.sh\"\n";
			showEnvVarsInLog = 0;
		};
/* End PBXShellScriptBuildPhase section */

/* Begin PBXSourcesBuildPhase section */
		121DC34D1CF7B90A005932FD /* Sources */ = {
			isa = PBXSourcesBuildPhase;
			buildActionMask = 2147483647;
			files = (
			);
			runOnlyForDeploymentPostprocessing = 0;
		};
		1225C57B1CF78ED100280F76 /* Sources */ = {
			isa = PBXSourcesBuildPhase;
			buildActionMask = 2147483647;
			files = (
				1225C5FF1CF7B32500280F76 /* WLModuleFactory.m in Sources */,
				1225C5B21CF7907E00280F76 /* main.m in Sources */,
				1225C5EA1CF7B06100280F76 /* WLWireframe.m in Sources */,
				1225C5FC1CF7B31800280F76 /* WLWeatherPresenter.m in Sources */,
				1225C5F21CF7B19F00280F76 /* WLInteractor.m in Sources */,
				1225C5B01CF7907E00280F76 /* AppDelegate.m in Sources */,
				1225C5F91CF7B30B00280F76 /* WLWeatherInteractor.m in Sources */,
				1225C5F61CF7B30000280F76 /* WLWeatherWireframe.m in Sources */,
				1225C5EE1CF7B10500280F76 /* WLPresenter.m in Sources */,
			);
			runOnlyForDeploymentPostprocessing = 0;
		};
		1225C5991CF78FAA00280F76 /* Sources */ = {
			isa = PBXSourcesBuildPhase;
			buildActionMask = 2147483647;
			files = (
				1225C5D81CF7960600280F76 /* WLViewControllerFactory.m in Sources */,
				1225C5DF1CF7A0A100280F76 /* WLWeatherVC.m in Sources */,
				1225C5D31CF795AC00280F76 /* WLCitiesListVC.m in Sources */,
			);
			runOnlyForDeploymentPostprocessing = 0;
		};
/* End PBXSourcesBuildPhase section */

/* Begin PBXTargetDependency section */
		121DC3631CF7B946005932FD /* PBXTargetDependency */ = {
			isa = PBXTargetDependency;
			target = 121DC3511CF7B90A005932FD /* WeatherLeakCore */;
			targetProxy = 121DC3621CF7B946005932FD /* PBXContainerItemProxy */;
		};
		1225C5A71CF78FB300280F76 /* PBXTargetDependency */ = {
			isa = PBXTargetDependency;
			target = 1225C59D1CF78FAA00280F76 /* WeatherLeakView */;
			targetProxy = 1225C5A61CF78FB300280F76 /* PBXContainerItemProxy */;
		};
/* End PBXTargetDependency section */

/* Begin PBXVariantGroup section */
		1225C5C61CF7913000280F76 /* LaunchScreen.storyboard */ = {
			isa = PBXVariantGroup;
			children = (
				1225C5C71CF7913000280F76 /* Base */,
			);
			name = LaunchScreen.storyboard;
			sourceTree = "<group>";
		};
		1225C5C81CF7913000280F76 /* Main.storyboard */ = {
			isa = PBXVariantGroup;
			children = (
				1225C5C91CF7913000280F76 /* Base */,
			);
			name = Main.storyboard;
			sourceTree = "<group>";
		};
/* End PBXVariantGroup section */

/* Begin XCBuildConfiguration section */
		121DC3571CF7B90A005932FD /* Debug */ = {
			isa = XCBuildConfiguration;
			buildSettings = {
				CODE_SIGN_IDENTITY = "-";
				COMBINE_HIDPI_IMAGES = YES;
				CURRENT_PROJECT_VERSION = 1;
				DEFINES_MODULE = YES;
				DYLIB_COMPATIBILITY_VERSION = 1;
				DYLIB_CURRENT_VERSION = 1;
				DYLIB_INSTALL_NAME_BASE = "@rpath";
				FRAMEWORK_VERSION = A;
				INFOPLIST_FILE = "WeatherLeakCore/Supporting Files/Info.plist";
				INSTALL_PATH = "$(LOCAL_LIBRARY_DIR)/Frameworks";
				LD_RUNPATH_SEARCH_PATHS = "$(inherited) @executable_path/../Frameworks @loader_path/Frameworks";
				MACOSX_DEPLOYMENT_TARGET = 10.11;
				PRODUCT_BUNDLE_IDENTIFIER = com.fantastik.WeatherLeakCore;
				PRODUCT_NAME = "$(TARGET_NAME)";
				SDKROOT = iphoneos;
				SKIP_INSTALL = YES;
				VERSIONING_SYSTEM = "apple-generic";
				VERSION_INFO_PREFIX = "";
			};
			name = Debug;
		};
		121DC3581CF7B90A005932FD /* Release */ = {
			isa = XCBuildConfiguration;
			buildSettings = {
				CODE_SIGN_IDENTITY = "-";
				COMBINE_HIDPI_IMAGES = YES;
				CURRENT_PROJECT_VERSION = 1;
				DEFINES_MODULE = YES;
				DYLIB_COMPATIBILITY_VERSION = 1;
				DYLIB_CURRENT_VERSION = 1;
				DYLIB_INSTALL_NAME_BASE = "@rpath";
				FRAMEWORK_VERSION = A;
				INFOPLIST_FILE = "WeatherLeakCore/Supporting Files/Info.plist";
				INSTALL_PATH = "$(LOCAL_LIBRARY_DIR)/Frameworks";
				LD_RUNPATH_SEARCH_PATHS = "$(inherited) @executable_path/../Frameworks @loader_path/Frameworks";
				MACOSX_DEPLOYMENT_TARGET = 10.11;
				PRODUCT_BUNDLE_IDENTIFIER = com.fantastik.WeatherLeakCore;
				PRODUCT_NAME = "$(TARGET_NAME)";
				SDKROOT = iphoneos;
				SKIP_INSTALL = YES;
				VERSIONING_SYSTEM = "apple-generic";
				VERSION_INFO_PREFIX = "";
			};
			name = Release;
		};
		1225C5941CF78ED100280F76 /* Debug */ = {
			isa = XCBuildConfiguration;
			buildSettings = {
				ALWAYS_SEARCH_USER_PATHS = NO;
				CLANG_ANALYZER_NONNULL = YES;
				CLANG_CXX_LANGUAGE_STANDARD = "gnu++0x";
				CLANG_CXX_LIBRARY = "libc++";
				CLANG_ENABLE_MODULES = YES;
				CLANG_ENABLE_OBJC_ARC = YES;
				CLANG_WARN_BOOL_CONVERSION = YES;
				CLANG_WARN_CONSTANT_CONVERSION = YES;
				CLANG_WARN_DIRECT_OBJC_ISA_USAGE = YES_ERROR;
				CLANG_WARN_EMPTY_BODY = YES;
				CLANG_WARN_ENUM_CONVERSION = YES;
				CLANG_WARN_INT_CONVERSION = YES;
				CLANG_WARN_OBJC_ROOT_CLASS = YES_ERROR;
				CLANG_WARN_UNREACHABLE_CODE = YES;
				CLANG_WARN__DUPLICATE_METHOD_MATCH = YES;
				"CODE_SIGN_IDENTITY[sdk=iphoneos*]" = "iPhone Developer";
				COPY_PHASE_STRIP = NO;
				DEBUG_INFORMATION_FORMAT = dwarf;
				ENABLE_STRICT_OBJC_MSGSEND = YES;
				ENABLE_TESTABILITY = YES;
				GCC_C_LANGUAGE_STANDARD = gnu99;
				GCC_DYNAMIC_NO_PIC = NO;
				GCC_NO_COMMON_BLOCKS = YES;
				GCC_OPTIMIZATION_LEVEL = 0;
				GCC_PREPROCESSOR_DEFINITIONS = (
					"DEBUG=1",
					"$(inherited)",
				);
				GCC_WARN_64_TO_32_BIT_CONVERSION = YES;
				GCC_WARN_ABOUT_RETURN_TYPE = YES_ERROR;
				GCC_WARN_UNDECLARED_SELECTOR = YES;
				GCC_WARN_UNINITIALIZED_AUTOS = YES_AGGRESSIVE;
				GCC_WARN_UNUSED_FUNCTION = YES;
				GCC_WARN_UNUSED_VARIABLE = YES;
				IPHONEOS_DEPLOYMENT_TARGET = 9.3;
				MTL_ENABLE_DEBUG_INFO = YES;
				ONLY_ACTIVE_ARCH = YES;
				SDKROOT = iphoneos;
			};
			name = Debug;
		};
		1225C5951CF78ED100280F76 /* Release */ = {
			isa = XCBuildConfiguration;
			buildSettings = {
				ALWAYS_SEARCH_USER_PATHS = NO;
				CLANG_ANALYZER_NONNULL = YES;
				CLANG_CXX_LANGUAGE_STANDARD = "gnu++0x";
				CLANG_CXX_LIBRARY = "libc++";
				CLANG_ENABLE_MODULES = YES;
				CLANG_ENABLE_OBJC_ARC = YES;
				CLANG_WARN_BOOL_CONVERSION = YES;
				CLANG_WARN_CONSTANT_CONVERSION = YES;
				CLANG_WARN_DIRECT_OBJC_ISA_USAGE = YES_ERROR;
				CLANG_WARN_EMPTY_BODY = YES;
				CLANG_WARN_ENUM_CONVERSION = YES;
				CLANG_WARN_INT_CONVERSION = YES;
				CLANG_WARN_OBJC_ROOT_CLASS = YES_ERROR;
				CLANG_WARN_UNREACHABLE_CODE = YES;
				CLANG_WARN__DUPLICATE_METHOD_MATCH = YES;
				"CODE_SIGN_IDENTITY[sdk=iphoneos*]" = "iPhone Developer";
				COPY_PHASE_STRIP = NO;
				DEBUG_INFORMATION_FORMAT = "dwarf-with-dsym";
				ENABLE_NS_ASSERTIONS = NO;
				ENABLE_STRICT_OBJC_MSGSEND = YES;
				GCC_C_LANGUAGE_STANDARD = gnu99;
				GCC_NO_COMMON_BLOCKS = YES;
				GCC_WARN_64_TO_32_BIT_CONVERSION = YES;
				GCC_WARN_ABOUT_RETURN_TYPE = YES_ERROR;
				GCC_WARN_UNDECLARED_SELECTOR = YES;
				GCC_WARN_UNINITIALIZED_AUTOS = YES_AGGRESSIVE;
				GCC_WARN_UNUSED_FUNCTION = YES;
				GCC_WARN_UNUSED_VARIABLE = YES;
				IPHONEOS_DEPLOYMENT_TARGET = 9.3;
				MTL_ENABLE_DEBUG_INFO = NO;
				SDKROOT = iphoneos;
				VALIDATE_PRODUCT = YES;
			};
			name = Release;
		};
		1225C5971CF78ED100280F76 /* Debug */ = {
			isa = XCBuildConfiguration;
			buildSettings = {
				ASSETCATALOG_COMPILER_APPICON_NAME = AppIcon;
				INFOPLIST_FILE = "WeatherLeak/Supporting Files/Info.plist";
				LD_RUNPATH_SEARCH_PATHS = "$(inherited) @executable_path/Frameworks";
				PRODUCT_BUNDLE_IDENTIFIER = com.fantastik.WeatherLeak;
				PRODUCT_NAME = "$(TARGET_NAME)";
			};
			name = Debug;
		};
		1225C5981CF78ED100280F76 /* Release */ = {
			isa = XCBuildConfiguration;
			buildSettings = {
				ASSETCATALOG_COMPILER_APPICON_NAME = AppIcon;
				INFOPLIST_FILE = "WeatherLeak/Supporting Files/Info.plist";
				LD_RUNPATH_SEARCH_PATHS = "$(inherited) @executable_path/Frameworks";
				PRODUCT_BUNDLE_IDENTIFIER = com.fantastik.WeatherLeak;
				PRODUCT_NAME = "$(TARGET_NAME)";
			};
			name = Release;
		};
		1225C5A31CF78FAA00280F76 /* Debug */ = {
			isa = XCBuildConfiguration;
			baseConfigurationReference = 30E3D29F5F4D9ECBAD1DF60D /* Pods-WeatherLeakView.debug.xcconfig */;
			buildSettings = {
				CODE_SIGN_IDENTITY = "-";
				COMBINE_HIDPI_IMAGES = YES;
				CURRENT_PROJECT_VERSION = 1;
				DEFINES_MODULE = YES;
				DYLIB_COMPATIBILITY_VERSION = 1;
				DYLIB_CURRENT_VERSION = 1;
				DYLIB_INSTALL_NAME_BASE = "@rpath";
				FRAMEWORK_VERSION = A;
				INFOPLIST_FILE = "WeatherLeakView/Supporting Files/Info.plist";
				INSTALL_PATH = "$(LOCAL_LIBRARY_DIR)/Frameworks";
				LD_RUNPATH_SEARCH_PATHS = "$(inherited) @executable_path/../Frameworks @loader_path/Frameworks";
				MACOSX_DEPLOYMENT_TARGET = 10.11;
				PRODUCT_BUNDLE_IDENTIFIER = com.fantastik.WeatherLeakView;
				PRODUCT_NAME = "$(TARGET_NAME)";
				SDKROOT = iphoneos;
				SKIP_INSTALL = YES;
				VERSIONING_SYSTEM = "apple-generic";
				VERSION_INFO_PREFIX = "";
			};
			name = Debug;
		};
		1225C5A41CF78FAA00280F76 /* Release */ = {
			isa = XCBuildConfiguration;
			baseConfigurationReference = 11FFE0C2B4F738C1D49BE816 /* Pods-WeatherLeakView.release.xcconfig */;
			buildSettings = {
				CODE_SIGN_IDENTITY = "-";
				COMBINE_HIDPI_IMAGES = YES;
				CURRENT_PROJECT_VERSION = 1;
				DEFINES_MODULE = YES;
				DYLIB_COMPATIBILITY_VERSION = 1;
				DYLIB_CURRENT_VERSION = 1;
				DYLIB_INSTALL_NAME_BASE = "@rpath";
				FRAMEWORK_VERSION = A;
				INFOPLIST_FILE = "WeatherLeakView/Supporting Files/Info.plist";
				INSTALL_PATH = "$(LOCAL_LIBRARY_DIR)/Frameworks";
				LD_RUNPATH_SEARCH_PATHS = "$(inherited) @executable_path/../Frameworks @loader_path/Frameworks";
				MACOSX_DEPLOYMENT_TARGET = 10.11;
				PRODUCT_BUNDLE_IDENTIFIER = com.fantastik.WeatherLeakView;
				PRODUCT_NAME = "$(TARGET_NAME)";
				SDKROOT = iphoneos;
				SKIP_INSTALL = YES;
				VERSIONING_SYSTEM = "apple-generic";
				VERSION_INFO_PREFIX = "";
			};
			name = Release;
		};
/* End XCBuildConfiguration section */

/* Begin XCConfigurationList section */
		121DC3591CF7B90A005932FD /* Build configuration list for PBXNativeTarget "WeatherLeakCore" */ = {
			isa = XCConfigurationList;
			buildConfigurations = (
				121DC3571CF7B90A005932FD /* Debug */,
				121DC3581CF7B90A005932FD /* Release */,
			);
			defaultConfigurationIsVisible = 0;
		};
		1225C57A1CF78ED100280F76 /* Build configuration list for PBXProject "WeatherLeak" */ = {
			isa = XCConfigurationList;
			buildConfigurations = (
				1225C5941CF78ED100280F76 /* Debug */,
				1225C5951CF78ED100280F76 /* Release */,
			);
			defaultConfigurationIsVisible = 0;
			defaultConfigurationName = Release;
		};
		1225C5961CF78ED100280F76 /* Build configuration list for PBXNativeTarget "WeatherLeak" */ = {
			isa = XCConfigurationList;
			buildConfigurations = (
				1225C5971CF78ED100280F76 /* Debug */,
				1225C5981CF78ED100280F76 /* Release */,
			);
			defaultConfigurationIsVisible = 0;
			defaultConfigurationName = Release;
		};
		1225C5A51CF78FAA00280F76 /* Build configuration list for PBXNativeTarget "WeatherLeakView" */ = {
			isa = XCConfigurationList;
			buildConfigurations = (
				1225C5A31CF78FAA00280F76 /* Debug */,
				1225C5A41CF78FAA00280F76 /* Release */,
			);
			defaultConfigurationIsVisible = 0;
			defaultConfigurationName = Release;
		};
/* End XCConfigurationList section */
	};
	rootObject = 1225C5771CF78ED100280F76 /* Project object */;
}
